
Microsoft Visual Studio Solution File, Format Version 12.00
# Visual Studio Version 17
VisualStudioVersion = 17.0.31912.275
MinimumVisualStudioVersion = 10.0.40219.1
Project("{FAE04EC0-301F-11D3-BF4B-00C04F79EFBC}") = "Space galaxies", "Space galaxies.csproj", "{93F381D0-A473-4F8A-801B-41B116FE616B}"
EndProject
Global
	GlobalSection(SolutionConfigurationPlatforms) = preSolution
		Debug|Any CPU = Debug|Any CPU
		Release|Any CPU = Release|Any CPU
	EndGlobalSection
	GlobalSection(ProjectConfigurationPlatforms) = postSolution
		{93F381D0-A473-4F8A-801B-41B116FE616B}.Debug|Any CPU.ActiveCfg = Debug|Any CPU
		{93F381D0-A473-4F8A-801B-41B116FE616B}.Debug|Any CPU.Build.0 = Debug|Any CPU
		{93F381D0-A473-4F8A-801B-41B116FE616B}.Release|Any CPU.ActiveCfg = Release|Any CPU
		{93F381D0-A473-4F8A-801B-41B116FE616B}.Release|Any CPU.Build.0 = Release|Any CPU
	EndGlobalSection
	GlobalSection(SolutionProperties) = preSolution
		HideSolutionNode = FALSE
	EndGlobalSection
	GlobalSection(ExtensibilityGlobals) = postSolution
		SolutionGuid = {6B66F836-82AA-4536-9B43-845556B19C52}
	EndGlobalSection
EndGlobal
